lockfileVersion: 5.4

specifiers:
  echarts: ^5.4.3
  vue: ^3.3.6

dependencies:
  echarts: 5.4.3
  vue: 3.3.6

packages:

  /@babel/helper-string-parser/7.22.5:
    resolution: {integrity: sha512-mM4COjgZox8U+JcXQwPijIZLElkgEpO5rsERVDJTc2qfCDfERyob6k5WegS14SX18IIjv+XD+GrqNumY5JRCDw==}
    engines: {node: '>=6.9.0'}
    dev: false

  /@babel/helper-validator-identifier/7.22.20:
    resolution: {integrity: sha512-Y4OZ+ytlatR8AI+8KZfKuL5urKp7qey08ha31L8b3BwewJAoJamTzyvxPR/5D+KkdJCGPq/+8TukHBlY10FX9A==}
    engines: {node: '>=6.9.0'}
    dev: false

  /@babel/parser/7.23.0:
    resolution: {integrity: sha512-vvPKKdMemU85V9WE/l5wZEmImpCtLqbnTvqDS2U1fJ96KrxoW7KrXhNsNCblQlg8Ck4b85yxdTyelsMUgFUXiw==}
    engines: {node: '>=6.0.0'}
    hasBin: true
    dependencies:
      '@babel/types': 7.23.0
    dev: false

  /@babel/types/7.23.0:
    resolution: {integrity: sha512-0oIyUfKoI3mSqMvsxBdclDwxXKXAUA8v/apZbc+iSyARYou1o8ZGDxbUYyLFoW2arqS2jDGqJuZvv1d/io1axg==}
    engines: {node: '>=6.9.0'}
    dependencies:
      '@babel/helper-string-parser': 7.22.5
      '@babel/helper-validator-identifier': 7.22.20
      to-fast-properties: 2.0.0
    dev: false

  /@jridgewell/sourcemap-codec/1.4.15:
    resolution: {integrity: sha512-eF2rxCRulEKXHTRiDrDy6erMYWqNw4LPdQ8UQA4huuxaQsVeRPFl2oM8oDGxMFhJUWZf9McpLtJasDDZb/Bpeg==}
    dev: false

  /@vue/compiler-core/3.3.6:
    resolution: {integrity: sha512-2JNjemwaNwf+MkkatATVZi7oAH1Hx0B04DdPH3ZoZ8vKC1xZVP7nl4HIsk8XYd3r+/52sqqoz9TWzYc3yE9dqA==}
    dependencies:
      '@babel/parser': 7.23.0
      '@vue/shared': 3.3.6
      estree-walker: 2.0.2
      source-map-js: 1.0.2
    dev: false

  /@vue/compiler-dom/3.3.6:
    resolution: {integrity: sha512-1MxXcJYMHiTPexjLAJUkNs/Tw2eDf2tY3a0rL+LfuWyiKN2s6jvSwywH3PWD8bKICjfebX3GWx2Os8jkRDq3Ng==}
    dependencies:
      '@vue/compiler-core': 3.3.6
      '@vue/shared': 3.3.6
    dev: false

  /@vue/compiler-sfc/3.3.6:
    resolution: {integrity: sha512-/Kms6du2h1VrXFreuZmlvQej8B1zenBqIohP0690IUBkJjsFvJxY0crcvVRJ0UhMgSR9dewB+khdR1DfbpArJA==}
    dependencies:
      '@babel/parser': 7.23.0
      '@vue/compiler-core': 3.3.6
      '@vue/compiler-dom': 3.3.6
      '@vue/compiler-ssr': 3.3.6
      '@vue/reactivity-transform': 3.3.6
      '@vue/shared': 3.3.6
      estree-walker: 2.0.2
      magic-string: 0.30.5
      postcss: 8.4.31
      source-map-js: 1.0.2
    dev: false

  /@vue/compiler-ssr/3.3.6:
    resolution: {integrity: sha512-QTIHAfDCHhjXlYGkUg5KH7YwYtdUM1vcFl/FxFDlD6d0nXAmnjizka3HITp8DGudzHndv2PjKVS44vqqy0vP4w==}
    dependencies:
      '@vue/compiler-dom': 3.3.6
      '@vue/shared': 3.3.6
    dev: false

  /@vue/reactivity-transform/3.3.6:
    resolution: {integrity: sha512-RlJl4dHfeO7EuzU1iJOsrlqWyJfHTkJbvYz/IOJWqu8dlCNWtxWX377WI0VsbAgBizjwD+3ZjdnvSyyFW1YVng==}
    dependencies:
      '@babel/parser': 7.23.0
      '@vue/compiler-core': 3.3.6
      '@vue/shared': 3.3.6
      estree-walker: 2.0.2
      magic-string: 0.30.5
    dev: false

  /@vue/reactivity/3.3.6:
    resolution: {integrity: sha512-gtChAumfQz5lSy5jZXfyXbKrIYPf9XEOrIr6rxwVyeWVjFhJwmwPLtV6Yis+M9onzX++I5AVE9j+iPH60U+B8Q==}
    dependencies:
      '@vue/shared': 3.3.6
    dev: false

  /@vue/runtime-core/3.3.6:
    resolution: {integrity: sha512-qp7HTP1iw1UW2ZGJ8L3zpqlngrBKvLsDAcq5lA6JvEXHmpoEmjKju7ahM9W2p/h51h0OT5F2fGlP/gMhHOmbUA==}
    dependencies:
      '@vue/reactivity': 3.3.6
      '@vue/shared': 3.3.6
    dev: false

  /@vue/runtime-dom/3.3.6:
    resolution: {integrity: sha512-AoX3Cp8NqMXjLbIG9YR6n/pPLWE9TiDdk6wTJHFnl2GpHzDFH1HLBC9wlqqQ7RlnvN3bVLpzPGAAH00SAtOxHg==}
    dependencies:
      '@vue/runtime-core': 3.3.6
      '@vue/shared': 3.3.6
      csstype: 3.1.2
    dev: false

  /@vue/server-renderer/3.3.6_vue@3.3.6:
    resolution: {integrity: sha512-kgLoN43W4ERdZ6dpyy+gnk2ZHtcOaIr5Uc/WUP5DRwutgvluzu2pudsZGoD2b7AEJHByUVMa9k6Sho5lLRCykw==}
    peerDependencies:
      vue: 3.3.6
    dependencies:
      '@vue/compiler-ssr': 3.3.6
      '@vue/shared': 3.3.6
      vue: 3.3.6
    dev: false

  /@vue/shared/3.3.6:
    resolution: {integrity: sha512-Xno5pEqg8SVhomD0kTSmfh30ZEmV/+jZtyh39q6QflrjdJCXah5lrnOLi9KB6a5k5aAHXMXjoMnxlzUkCNfWLQ==}
    dev: false

  /csstype/3.1.2:
    resolution: {integrity: sha512-I7K1Uu0MBPzaFKg4nI5Q7Vs2t+3gWWW648spaF+Rg7pI9ds18Ugn+lvg4SHczUdKlHI5LWBXyqfS8+DufyBsgQ==}
    dev: false

  /echarts/5.4.3:
    resolution: {integrity: sha512-mYKxLxhzy6zyTi/FaEbJMOZU1ULGEQHaeIeuMR5L+JnJTpz+YR03mnnpBhbR4+UYJAgiXgpyTVLffPAjOTLkZA==}
    dependencies:
      tslib: 2.3.0
      zrender: 5.4.4
    dev: false

  /estree-walker/2.0.2:
    resolution: {integrity: sha512-Rfkk/Mp/DL7JVje3u18FxFujQlTNR2q6QfMSMB7AvCBx91NGj/ba3kCfza0f6dVDbw7YlRf/nDrn7pQrCCyQ/w==}
    dev: false

  /magic-string/0.30.5:
    resolution: {integrity: sha512-7xlpfBaQaP/T6Vh8MO/EqXSW5En6INHEvEXQiuff7Gku0PWjU3uf6w/j9o7O+SpB5fOAkrI5HeoNgwjEO0pFsA==}
    engines: {node: '>=12'}
    dependencies:
      '@jridgewell/sourcemap-codec': 1.4.15
    dev: false

  /nanoid/3.3.6:
    resolution: {integrity: sha512-BGcqMMJuToF7i1rt+2PWSNVnWIkGCU78jBG3RxO/bZlnZPK2Cmi2QaffxGO/2RvWi9sL+FAiRiXMgsyxQ1DIDA==}
    engines: {node: ^10 || ^12 || ^13.7 || ^14 || >=15.0.1}
    hasBin: true
    dev: false

  /picocolors/1.0.0:
    resolution: {integrity: sha512-1fygroTLlHu66zi26VoTDv8yRgm0Fccecssto+MhsZ0D/DGW2sm8E8AjW7NU5VVTRt5GxbeZ5qBuJr+HyLYkjQ==}
    dev: false

  /postcss/8.4.31:
    resolution: {integrity: sha512-PS08Iboia9mts/2ygV3eLpY5ghnUcfLV/EXTOW1E2qYxJKGGBUtNjN76FYHnMs36RmARn41bC0AZmn+rR0OVpQ==}
    engines: {node: ^10 || ^12 || >=14}
    dependencies:
      nanoid: 3.3.6
      picocolors: 1.0.0
      source-map-js: 1.0.2
    dev: false

  /source-map-js/1.0.2:
    resolution: {integrity: sha512-R0XvVJ9WusLiqTCEiGCmICCMplcCkIwwR11mOSD9CR5u+IXYdiseeEuXCVAjS54zqwkLcPNnmU4OeJ6tUrWhDw==}
    engines: {node: '>=0.10.0'}
    dev: false

  /to-fast-properties/2.0.0:
    resolution: {integrity: sha512-/OaKK0xYrs3DmxRYqL/yDc+FxFUVYhDlXMhRmv3z915w2HF1tnN1omB354j8VUGO/hbRzyD6Y3sA7v7GS/ceog==}
    engines: {node: '>=4'}
    dev: false

  /tslib/2.3.0:
    resolution: {integrity: sha512-N82ooyxVNm6h1riLCoyS9e3fuJ3AMG2zIZs2Gd1ATcSFjSA23Q0fzjjZeh0jbJvWVDZ0cJT8yaNNaaXHzueNjg==}
    dev: false

  /vue/3.3.6:
    resolution: {integrity: sha512-jJIDETeWJnoY+gfn4ZtMPMS5KtbP4ax+CT4dcQFhTnWEk8xMupFyQ0JxL28nvT/M4+p4a0ptxaV2WY0LiIxvRg==}
    peerDependencies:
      typescript: '*'
    peerDependenciesMeta:
      typescript:
        optional: true
    dependencies:
      '@vue/compiler-dom': 3.3.6
      '@vue/compiler-sfc': 3.3.6
      '@vue/runtime-dom': 3.3.6
      '@vue/server-renderer': 3.3.6_vue@3.3.6
      '@vue/shared': 3.3.6
    dev: false

  /zrender/5.4.4:
    resolution: {integrity: sha512-0VxCNJ7AGOMCWeHVyTrGzUgrK4asT4ml9PEkeGirAkKNYXYzoPJCLvmyfdoOXcjTHPs10OZVMfD1Rwg16AZyYw==}
    dependencies:
      tslib: 2.3.0
    dev: false
